PODS:
  - GlovoViewFramework (1.0.0)

DEPENDENCIES:
  - GlovoViewFramework (from `../GlovoViewFramework/`)

EXTERNAL SOURCES:
  GlovoViewFramework:
    :path: "../GlovoViewFramework/"

SPEC CHECKSUMS:
  GlovoViewFramework: c374f25b97da916cd5bc2e0137dfa32103abc374

PODFILE CHECKSUM: 8897388285704efe56362aae2376152625418e7d

COCOAPODS: 1.10.1
