// !$*UTF8*$!
{
	archiveVersion = 1;
	classes = {
	};
	objectVersion = 51;
	objects = {

/* Begin PBXBuildFile section */
		C93236D425EBDB9C000EC201 /* AppDelegate.swift in Sources */ = {isa = PBXBuildFile; fileRef = C93236D325EBDB9C000EC201 /* AppDelegate.swift */; };
		C93236DB25EBDB9C000EC201 /* Main.storyboard in Resources */ = {isa = PBXBuildFile; fileRef = C93236D925EBDB9C000EC201 /* Main.storyboard */; };
		C93236DD25EBDB9F000EC201 /* Assets.xcassets in Resources */ = {isa = PBXBuildFile; fileRef = C93236DC25EBDB9F000EC201 /* Assets.xcassets */; };
		C93236E025EBDB9F000EC201 /* LaunchScreen.storyboard in Resources */ = {isa = PBXBuildFile; fileRef = C93236DE25EBDB9F000EC201 /* LaunchScreen.storyboard */; };
		C93236EC25EBDF77000EC201 /* GlovoItems.swift in Sources */ = {isa = PBXBuildFile; fileRef = C93236EB25EBDF77000EC201 /* GlovoItems.swift */; };
		C932371025EBF48B000EC201 /* HomePresenter.swift in Sources */ = {isa = PBXBuildFile; fileRef = C932370725EBF48B000EC201 /* HomePresenter.swift */; };
		C932371125EBF48B000EC201 /* HomeViewController.swift in Sources */ = {isa = PBXBuildFile; fileRef = C932370925EBF48B000EC201 /* HomeViewController.swift */; };
		C932371225EBF48B000EC201 /* HomeInteractor.swift in Sources */ = {isa = PBXBuildFile; fileRef = C932370B25EBF48B000EC201 /* HomeInteractor.swift */; };
		C932371325EBF48B000EC201 /* HomeProtocols.swift in Sources */ = {isa = PBXBuildFile; fileRef = C932370C25EBF48B000EC201 /* HomeProtocols.swift */; };
		C932371425EBF48B000EC201 /* HomeRouter.swift in Sources */ = {isa = PBXBuildFile; fileRef = C932370E25EBF48B000EC201 /* HomeRouter.swift */; };
		C932371B25EBF569000EC201 /* RoundBottomView.swift in Sources */ = {isa = PBXBuildFile; fileRef = C932371A25EBF569000EC201 /* RoundBottomView.swift */; };
		C932371F25EBF5B6000EC201 /* BubbleTransition.swift in Sources */ = {isa = PBXBuildFile; fileRef = C932371E25EBF5B6000EC201 /* BubbleTransition.swift */; };
		C932372225EBF667000EC201 /* Storyboarded.swift in Sources */ = {isa = PBXBuildFile; fileRef = C932372125EBF667000EC201 /* Storyboarded.swift */; };
		C932372625EBF6EB000EC201 /* BubbleDetailsViewController.swift in Sources */ = {isa = PBXBuildFile; fileRef = C932372525EBF6EB000EC201 /* BubbleDetailsViewController.swift */; };
		C932373025EBFFF1000EC201 /* CircleView.swift in Sources */ = {isa = PBXBuildFile; fileRef = C932372F25EBFFF1000EC201 /* CircleView.swift */; };
		FFEBBB390ABEA37E5DFA0391 /* Pods_Example.framework in Frameworks */ = {isa = PBXBuildFile; fileRef = E22C8E3B5E9B36A846C24608 /* Pods_Example.framework */; };
/* End PBXBuildFile section */

/* Begin PBXFileReference section */
		8A9B1D34EF74F9E5777DE3F0 /* Pods-Example.release.xcconfig */ = {isa = PBXFileReference; includeInIndex = 1; lastKnownFileType = text.xcconfig; name = "Pods-Example.release.xcconfig"; path = "Target Support Files/Pods-Example/Pods-Example.release.xcconfig"; sourceTree = "<group>"; };
		C67F3F428E5C936890A93A60 /* Pods-Example.debug.xcconfig */ = {isa = PBXFileReference; includeInIndex = 1; lastKnownFileType = text.xcconfig; name = "Pods-Example.debug.xcconfig"; path = "Target Support Files/Pods-Example/Pods-Example.debug.xcconfig"; sourceTree = "<group>"; };
		C93236D025EBDB9B000EC201 /* Example.app */ = {isa = PBXFileReference; explicitFileType = wrapper.application; includeInIndex = 0; path = Example.app; sourceTree = BUILT_PRODUCTS_DIR; };
		C93236D325EBDB9C000EC201 /* AppDelegate.swift */ = {isa = PBXFileReference; lastKnownFileType = sourcecode.swift; path = AppDelegate.swift; sourceTree = "<group>"; };
		C93236DA25EBDB9C000EC201 /* Base */ = {isa = PBXFileReference; lastKnownFileType = file.storyboard; name = Base; path = Base.lproj/Main.storyboard; sourceTree = "<group>"; };
		C93236DC25EBDB9F000EC201 /* Assets.xcassets */ = {isa = PBXFileReference; lastKnownFileType = folder.assetcatalog; path = Assets.xcassets; sourceTree = "<group>"; };
		C93236DF25EBDB9F000EC201 /* Base */ = {isa = PBXFileReference; lastKnownFileType = file.storyboard; name = Base; path = Base.lproj/LaunchScreen.storyboard; sourceTree = "<group>"; };
		C93236E125EBDB9F000EC201 /* Info.plist */ = {isa = PBXFileReference; lastKnownFileType = text.plist.xml; path = Info.plist; sourceTree = "<group>"; };
		C93236EB25EBDF77000EC201 /* GlovoItems.swift */ = {isa = PBXFileReference; lastKnownFileType = sourcecode.swift; path = GlovoItems.swift; sourceTree = "<group>"; };
		C932370725EBF48B000EC201 /* HomePresenter.swift */ = {isa = PBXFileReference; fileEncoding = 4; lastKnownFileType = sourcecode.swift; path = HomePresenter.swift; sourceTree = "<group>"; };
		C932370925EBF48B000EC201 /* HomeViewController.swift */ = {isa = PBXFileReference; fileEncoding = 4; lastKnownFileType = sourcecode.swift; path = HomeViewController.swift; sourceTree = "<group>"; };
		C932370B25EBF48B000EC201 /* HomeInteractor.swift */ = {isa = PBXFileReference; fileEncoding = 4; lastKnownFileType = sourcecode.swift; path = HomeInteractor.swift; sourceTree = "<group>"; };
		C932370C25EBF48B000EC201 /* HomeProtocols.swift */ = {isa = PBXFileReference; fileEncoding = 4; lastKnownFileType = sourcecode.swift; path = HomeProtocols.swift; sourceTree = "<group>"; };
		C932370E25EBF48B000EC201 /* HomeRouter.swift */ = {isa = PBXFileReference; fileEncoding = 4; lastKnownFileType = sourcecode.swift; path = HomeRouter.swift; sourceTree = "<group>"; };
		C932371A25EBF569000EC201 /* RoundBottomView.swift */ = {isa = PBXFileReference; lastKnownFileType = sourcecode.swift; path = RoundBottomView.swift; sourceTree = "<group>"; };
		C932371E25EBF5B6000EC201 /* BubbleTransition.swift */ = {isa = PBXFileReference; lastKnownFileType = sourcecode.swift; path = BubbleTransition.swift; sourceTree = "<group>"; };
		C932372125EBF667000EC201 /* Storyboarded.swift */ = {isa = PBXFileReference; lastKnownFileType = sourcecode.swift; path = Storyboarded.swift; sourceTree = "<group>"; };
		C932372525EBF6EB000EC201 /* BubbleDetailsViewController.swift */ = {isa = PBXFileReference; fileEncoding = 4; lastKnownFileType = sourcecode.swift; path = BubbleDetailsViewController.swift; sourceTree = "<group>"; };
		C932372F25EBFFF1000EC201 /* CircleView.swift */ = {isa = PBXFileReference; lastKnownFileType = sourcecode.swift; path = CircleView.swift; sourceTree = "<group>"; };
		E22C8E3B5E9B36A846C24608 /* Pods_Example.framework */ = {isa = PBXFileReference; explicitFileType = wrapper.framework; includeInIndex = 0; path = Pods_Example.framework; sourceTree = BUILT_PRODUCTS_DIR; };
/* End PBXFileReference section */

/* Begin PBXFrameworksBuildPhase section */
		C93236CD25EBDB9B000EC201 /* Frameworks */ = {
			isa = PBXFrameworksBuildPhase;
			buildActionMask = 2147483647;
			files = (
				FFEBBB390ABEA37E5DFA0391 /* Pods_Example.framework in Frameworks */,
			);
			runOnlyForDeploymentPostprocessing = 0;
		};
/* End PBXFrameworksBuildPhase section */

/* Begin PBXGroup section */
		92C271379A763D9B5C3CE7A6 /* Frameworks */ = {
			isa = PBXGroup;
			children = (
				E22C8E3B5E9B36A846C24608 /* Pods_Example.framework */,
			);
			name = Frameworks;
			sourceTree = "<group>";
		};
		AC563B6D6CA29B7EFDA8A4C0 /* Pods */ = {
			isa = PBXGroup;
			children = (
				C67F3F428E5C936890A93A60 /* Pods-Example.debug.xcconfig */,
				8A9B1D34EF74F9E5777DE3F0 /* Pods-Example.release.xcconfig */,
			);
			path = Pods;
			sourceTree = "<group>";
		};
		C93236C725EBDB9B000EC201 = {
			isa = PBXGroup;
			children = (
				C93236D225EBDB9B000EC201 /* Example */,
				C93236D125EBDB9B000EC201 /* Products */,
				AC563B6D6CA29B7EFDA8A4C0 /* Pods */,
				92C271379A763D9B5C3CE7A6 /* Frameworks */,
			);
			sourceTree = "<group>";
		};
		C93236D125EBDB9B000EC201 /* Products */ = {
			isa = PBXGroup;
			children = (
				C93236D025EBDB9B000EC201 /* Example.app */,
			);
			name = Products;
			sourceTree = "<group>";
		};
		C93236D225EBDB9B000EC201 /* Example */ = {
			isa = PBXGroup;
			children = (
				C932371925EBF55D000EC201 /* Libraries */,
				C932370225EBF453000EC201 /* ViewControllers */,
				C93236D325EBDB9C000EC201 /* AppDelegate.swift */,
				C93236D925EBDB9C000EC201 /* Main.storyboard */,
				C93236DC25EBDB9F000EC201 /* Assets.xcassets */,
				C93236DE25EBDB9F000EC201 /* LaunchScreen.storyboard */,
				C93236E125EBDB9F000EC201 /* Info.plist */,
			);
			path = Example;
			sourceTree = "<group>";
		};
		C932370225EBF453000EC201 /* ViewControllers */ = {
			isa = PBXGroup;
			children = (
				C932372425EBF6EB000EC201 /* BubbleDetails */,
				C932370325EBF48B000EC201 /* Home */,
			);
			path = ViewControllers;
			sourceTree = "<group>";
		};
		C932370325EBF48B000EC201 /* Home */ = {
			isa = PBXGroup;
			children = (
				C932370425EBF48B000EC201 /* Entity */,
				C932370625EBF48B000EC201 /* Presenter */,
				C932370825EBF48B000EC201 /* View */,
				C932370A25EBF48B000EC201 /* Interactor */,
				C932370C25EBF48B000EC201 /* HomeProtocols.swift */,
				C932370D25EBF48B000EC201 /* Router */,
			);
			path = Home;
			sourceTree = "<group>";
		};
		C932370425EBF48B000EC201 /* Entity */ = {
			isa = PBXGroup;
			children = (
				C93236EB25EBDF77000EC201 /* GlovoItems.swift */,
			);
			path = Entity;
			sourceTree = "<group>";
		};
		C932370625EBF48B000EC201 /* Presenter */ = {
			isa = PBXGroup;
			children = (
				C932370725EBF48B000EC201 /* HomePresenter.swift */,
			);
			path = Presenter;
			sourceTree = "<group>";
		};
		C932370825EBF48B000EC201 /* View */ = {
			isa = PBXGroup;
			children = (
				C932370925EBF48B000EC201 /* HomeViewController.swift */,
			);
			path = View;
			sourceTree = "<group>";
		};
		C932370A25EBF48B000EC201 /* Interactor */ = {
			isa = PBXGroup;
			children = (
				C932370B25EBF48B000EC201 /* HomeInteractor.swift */,
			);
			path = Interactor;
			sourceTree = "<group>";
		};
		C932370D25EBF48B000EC201 /* Router */ = {
			isa = PBXGroup;
			children = (
				C932370E25EBF48B000EC201 /* HomeRouter.swift */,
			);
			path = Router;
			sourceTree = "<group>";
		};
		C932371925EBF55D000EC201 /* Libraries */ = {
			isa = PBXGroup;
			children = (
				C932371A25EBF569000EC201 /* RoundBottomView.swift */,
				C932371E25EBF5B6000EC201 /* BubbleTransition.swift */,
				C932372125EBF667000EC201 /* Storyboarded.swift */,
				C932372F25EBFFF1000EC201 /* CircleView.swift */,
			);
			path = Libraries;
			sourceTree = "<group>";
		};
		C932372425EBF6EB000EC201 /* BubbleDetails */ = {
			isa = PBXGroup;
			children = (
				C932372525EBF6EB000EC201 /* BubbleDetailsViewController.swift */,
			);
			path = BubbleDetails;
			sourceTree = "<group>";
		};
/* End PBXGroup section */

/* Begin PBXNativeTarget section */
		C93236CF25EBDB9B000EC201 /* Example */ = {
			isa = PBXNativeTarget;
			buildConfigurationList = C93236E425EBDB9F000EC201 /* Build configuration list for PBXNativeTarget "Example" */;
			buildPhases = (
				19DB9C9AE0835FAA4EFA04D5 /* [CP] Check Pods Manifest.lock */,
				C93236CC25EBDB9B000EC201 /* Sources */,
				C93236CD25EBDB9B000EC201 /* Frameworks */,
				C93236CE25EBDB9B000EC201 /* Resources */,
				0CCB47F69F9B36EDE9FB8488 /* [CP] Embed Pods Frameworks */,
			);
			buildRules = (
			);
			dependencies = (
			);
			name = Example;
			productName = Example;
			productReference = C93236D025EBDB9B000EC201 /* Example.app */;
			productType = "com.apple.product-type.application";
		};
/* End PBXNativeTarget section */

/* Begin PBXProject section */
		C93236C825EBDB9B000EC201 /* Project object */ = {
			isa = PBXProject;
			attributes = {
				LastSwiftUpdateCheck = 1240;
				LastUpgradeCheck = 1240;
				TargetAttributes = {
					C93236CF25EBDB9B000EC201 = {
						CreatedOnToolsVersion = 12.4;
					};
				};
			};
			buildConfigurationList = C93236CB25EBDB9B000EC201 /* Build configuration list for PBXProject "Example" */;
			compatibilityVersion = "Xcode 9.3";
			developmentRegion = en;
			hasScannedForEncodings = 0;
			knownRegions = (
				en,
				Base,
			);
			mainGroup = C93236C725EBDB9B000EC201;
			productRefGroup = C93236D125EBDB9B000EC201 /* Products */;
			projectDirPath = "";
			projectRoot = "";
			targets = (
				C93236CF25EBDB9B000EC201 /* Example */,
			);
		};
/* End PBXProject section */

/* Begin PBXResourcesBuildPhase section */
		C93236CE25EBDB9B000EC201 /* Resources */ = {
			isa = PBXResourcesBuildPhase;
			buildActionMask = 2147483647;
			files = (
				C93236E025EBDB9F000EC201 /* LaunchScreen.storyboard in Resources */,
				C93236DD25EBDB9F000EC201 /* Assets.xcassets in Resources */,
				C93236DB25EBDB9C000EC201 /* Main.storyboard in Resources */,
			);
			runOnlyForDeploymentPostprocessing = 0;
		};
/* End PBXResourcesBuildPhase section */

/* Begin PBXShellScriptBuildPhase section */
		0CCB47F69F9B36EDE9FB8488 /* [CP] Embed Pods Frameworks */ = {
			isa = PBXShellScriptBuildPhase;
			buildActionMask = 2147483647;
			files = (
			);
			inputFileListPaths = (
				"${PODS_ROOT}/Target Support Files/Pods-Example/Pods-Example-frameworks-${CONFIGURATION}-input-files.xcfilelist",
			);
			name = "[CP] Embed Pods Frameworks";
			outputFileListPaths = (
				"${PODS_ROOT}/Target Support Files/Pods-Example/Pods-Example-frameworks-${CONFIGURATION}-output-files.xcfilelist",
			);
			runOnlyForDeploymentPostprocessing = 0;
			shellPath = /bin/sh;
			shellScript = "\"${PODS_ROOT}/Target Support Files/Pods-Example/Pods-Example-frameworks.sh\"\n";
			showEnvVarsInLog = 0;
		};
		19DB9C9AE0835FAA4EFA04D5 /* [CP] Check Pods Manifest.lock */ = {
			isa = PBXShellScriptBuildPhase;
			buildActionMask = 2147483647;
			files = (
			);
			inputFileListPaths = (
			);
			inputPaths = (
				"${PODS_PODFILE_DIR_PATH}/Podfile.lock",
				"${PODS_ROOT}/Manifest.lock",
			);
			name = "[CP] Check Pods Manifest.lock";
			outputFileListPaths = (
			);
			outputPaths = (
				"$(DERIVED_FILE_DIR)/Pods-Example-checkManifestLockResult.txt",
			);
			runOnlyForDeploymentPostprocessing = 0;
			shellPath = /bin/sh;
			shellScript = "diff \"${PODS_PODFILE_DIR_PATH}/Podfile.lock\" \"${PODS_ROOT}/Manifest.lock\" > /dev/null\nif [ $? != 0 ] ; then\n    # print error to STDERR\n    echo \"error: The sandbox is not in sync with the Podfile.lock. Run 'pod install' or update your CocoaPods installation.\" >&2\n    exit 1\nfi\n# This output is used by Xcode 'outputs' to avoid re-running this script phase.\necho \"SUCCESS\" > \"${SCRIPT_OUTPUT_FILE_0}\"\n";
			showEnvVarsInLog = 0;
		};
/* End PBXShellScriptBuildPhase section */

/* Begin PBXSourcesBuildPhase section */
		C93236CC25EBDB9B000EC201 /* Sources */ = {
			isa = PBXSourcesBuildPhase;
			buildActionMask = 2147483647;
			files = (
				C932373025EBFFF1000EC201 /* CircleView.swift in Sources */,
				C932371F25EBF5B6000EC201 /* BubbleTransition.swift in Sources */,
				C932371B25EBF569000EC201 /* RoundBottomView.swift in Sources */,
				C93236EC25EBDF77000EC201 /* GlovoItems.swift in Sources */,
				C93236D425EBDB9C000EC201 /* AppDelegate.swift in Sources */,
				C932371225EBF48B000EC201 /* HomeInteractor.swift in Sources */,
				C932371325EBF48B000EC201 /* HomeProtocols.swift in Sources */,
				C932371025EBF48B000EC201 /* HomePresenter.swift in Sources */,
				C932372225EBF667000EC201 /* Storyboarded.swift in Sources */,
				C932371125EBF48B000EC201 /* HomeViewController.swift in Sources */,
				C932371425EBF48B000EC201 /* HomeRouter.swift in Sources */,
				C932372625EBF6EB000EC201 /* BubbleDetailsViewController.swift in Sources */,
			);
			runOnlyForDeploymentPostprocessing = 0;
		};
/* End PBXSourcesBuildPhase section */

/* Begin PBXVariantGroup section */
		C93236D925EBDB9C000EC201 /* Main.storyboard */ = {
			isa = PBXVariantGroup;
			children = (
				C93236DA25EBDB9C000EC201 /* Base */,
			);
			name = Main.storyboard;
			sourceTree = "<group>";
		};
		C93236DE25EBDB9F000EC201 /* LaunchScreen.storyboard */ = {
			isa = PBXVariantGroup;
			children = (
				C93236DF25EBDB9F000EC201 /* Base */,
			);
			name = LaunchScreen.storyboard;
			sourceTree = "<group>";
		};
/* End PBXVariantGroup section */

/* Begin XCBuildConfiguration section */
		C93236E225EBDB9F000EC201 /* Debug */ = {
			isa = XCBuildConfiguration;
			buildSettings = {
				ALWAYS_SEARCH_USER_PATHS = NO;
				CLANG_ANALYZER_NONNULL = YES;
				CLANG_ANALYZER_NUMBER_OBJECT_CONVERSION = YES_AGGRESSIVE;
				CLANG_CXX_LANGUAGE_STANDARD = "gnu++14";
				CLANG_CXX_LIBRARY = "libc++";
				CLANG_ENABLE_MODULES = YES;
				CLANG_ENABLE_OBJC_ARC = YES;
				CLANG_ENABLE_OBJC_WEAK = YES;
				CLANG_WARN_BLOCK_CAPTURE_AUTORELEASING = YES;
				CLANG_WARN_BOOL_CONVERSION = YES;
				CLANG_WARN_COMMA = YES;
				CLANG_WARN_CONSTANT_CONVERSION = YES;
				CLANG_WARN_DEPRECATED_OBJC_IMPLEMENTATIONS = YES;
				CLANG_WARN_DIRECT_OBJC_ISA_USAGE = YES_ERROR;
				CLANG_WARN_DOCUMENTATION_COMMENTS = YES;
				CLANG_WARN_EMPTY_BODY = YES;
				CLANG_WARN_ENUM_CONVERSION = YES;
				CLANG_WARN_INFINITE_RECURSION = YES;
				CLANG_WARN_INT_CONVERSION = YES;
				CLANG_WARN_NON_LITERAL_NULL_CONVERSION = YES;
				CLANG_WARN_OBJC_IMPLICIT_RETAIN_SELF = YES;
				CLANG_WARN_OBJC_LITERAL_CONVERSION = YES;
				CLANG_WARN_OBJC_ROOT_CLASS = YES_ERROR;
				CLANG_WARN_QUOTED_INCLUDE_IN_FRAMEWORK_HEADER = YES;
				CLANG_WARN_RANGE_LOOP_ANALYSIS = YES;
				CLANG_WARN_STRICT_PROTOTYPES = YES;
				CLANG_WARN_SUSPICIOUS_MOVE = YES;
				CLANG_WARN_UNGUARDED_AVAILABILITY = YES_AGGRESSIVE;
				CLANG_WARN_UNREACHABLE_CODE = YES;
				CLANG_WARN__DUPLICATE_METHOD_MATCH = YES;
				COPY_PHASE_STRIP = NO;
				DEBUG_INFORMATION_FORMAT = dwarf;
				ENABLE_STRICT_OBJC_MSGSEND = YES;
				ENABLE_TESTABILITY = YES;
				GCC_C_LANGUAGE_STANDARD = gnu11;
				GCC_DYNAMIC_NO_PIC = NO;
				GCC_NO_COMMON_BLOCKS = YES;
				GCC_OPTIMIZATION_LEVEL = 0;
				GCC_PREPROCESSOR_DEFINITIONS = (
					"DEBUG=1",
					"$(inherited)",
				);
				GCC_WARN_64_TO_32_BIT_CONVERSION = YES;
				GCC_WARN_ABOUT_RETURN_TYPE = YES_ERROR;
				GCC_WARN_UNDECLARED_SELECTOR = YES;
				GCC_WARN_UNINITIALIZED_AUTOS = YES_AGGRESSIVE;
				GCC_WARN_UNUSED_FUNCTION = YES;
				GCC_WARN_UNUSED_VARIABLE = YES;
				IPHONEOS_DEPLOYMENT_TARGET = 14.4;
				MTL_ENABLE_DEBUG_INFO = INCLUDE_SOURCE;
				MTL_FAST_MATH = YES;
				ONLY_ACTIVE_ARCH = YES;
				SDKROOT = iphoneos;
				SWIFT_ACTIVE_COMPILATION_CONDITIONS = DEBUG;
				SWIFT_OPTIMIZATION_LEVEL = "-Onone";
			};
			name = Debug;
		};
		C93236E325EBDB9F000EC201 /* Release */ = {
			isa = XCBuildConfiguration;
			buildSettings = {
				ALWAYS_SEARCH_USER_PATHS = NO;
				CLANG_ANALYZER_NONNULL = YES;
				CLANG_ANALYZER_NUMBER_OBJECT_CONVERSION = YES_AGGRESSIVE;
				CLANG_CXX_LANGUAGE_STANDARD = "gnu++14";
				CLANG_CXX_LIBRARY = "libc++";
				CLANG_ENABLE_MODULES = YES;
				CLANG_ENABLE_OBJC_ARC = YES;
				CLANG_ENABLE_OBJC_WEAK = YES;
				CLANG_WARN_BLOCK_CAPTURE_AUTORELEASING = YES;
				CLANG_WARN_BOOL_CONVERSION = YES;
				CLANG_WARN_COMMA = YES;
				CLANG_WARN_CONSTANT_CONVERSION = YES;
				CLANG_WARN_DEPRECATED_OBJC_IMPLEMENTATIONS = YES;
				CLANG_WARN_DIRECT_OBJC_ISA_USAGE = YES_ERROR;
				CLANG_WARN_DOCUMENTATION_COMMENTS = YES;
				CLANG_WARN_EMPTY_BODY = YES;
				CLANG_WARN_ENUM_CONVERSION = YES;
				CLANG_WARN_INFINITE_RECURSION = YES;
				CLANG_WARN_INT_CONVERSION = YES;
				CLANG_WARN_NON_LITERAL_NULL_CONVERSION = YES;
				CLANG_WARN_OBJC_IMPLICIT_RETAIN_SELF = YES;
				CLANG_WARN_OBJC_LITERAL_CONVERSION = YES;
				CLANG_WARN_OBJC_ROOT_CLASS = YES_ERROR;
				CLANG_WARN_QUOTED_INCLUDE_IN_FRAMEWORK_HEADER = YES;
				CLANG_WARN_RANGE_LOOP_ANALYSIS = YES;
				CLANG_WARN_STRICT_PROTOTYPES = YES;
				CLANG_WARN_SUSPICIOUS_MOVE = YES;
				CLANG_WARN_UNGUARDED_AVAILABILITY = YES_AGGRESSIVE;
				CLANG_WARN_UNREACHABLE_CODE = YES;
				CLANG_WARN__DUPLICATE_METHOD_MATCH = YES;
				COPY_PHASE_STRIP = NO;
				DEBUG_INFORMATION_FORMAT = "dwarf-with-dsym";
				ENABLE_NS_ASSERTIONS = NO;
				ENABLE_STRICT_OBJC_MSGSEND = YES;
				GCC_C_LANGUAGE_STANDARD = gnu11;
				GCC_NO_COMMON_BLOCKS = YES;
				GCC_WARN_64_TO_32_BIT_CONVERSION = YES;
				GCC_WARN_ABOUT_RETURN_TYPE = YES_ERROR;
				GCC_WARN_UNDECLARED_SELECTOR = YES;
				GCC_WARN_UNINITIALIZED_AUTOS = YES_AGGRESSIVE;
				GCC_WARN_UNUSED_FUNCTION = YES;
				GCC_WARN_UNUSED_VARIABLE = YES;
				IPHONEOS_DEPLOYMENT_TARGET = 14.4;
				MTL_ENABLE_DEBUG_INFO = NO;
				MTL_FAST_MATH = YES;
				SDKROOT = iphoneos;
				SWIFT_COMPILATION_MODE = wholemodule;
				SWIFT_OPTIMIZATION_LEVEL = "-O";
				VALIDATE_PRODUCT = YES;
			};
			name = Release;
		};
		C93236E525EBDB9F000EC201 /* Debug */ = {
			isa = XCBuildConfiguration;
			baseConfigurationReference = C67F3F428E5C936890A93A60 /* Pods-Example.debug.xcconfig */;
			buildSettings = {
				ASSETCATALOG_COMPILER_APPICON_NAME = AppIcon;
				ASSETCATALOG_COMPILER_GLOBAL_ACCENT_COLOR_NAME = AccentColor;
				CODE_SIGN_STYLE = Automatic;
				INFOPLIST_FILE = Example/Info.plist;
				LD_RUNPATH_SEARCH_PATHS = (
					"$(inherited)",
					"@executable_path/Frameworks",
				);
				PRODUCT_BUNDLE_IDENTIFIER = Home.Example;
				PRODUCT_NAME = "$(TARGET_NAME)";
				SWIFT_VERSION = 5.0;
				TARGETED_DEVICE_FAMILY = "1,2";
			};
			name = Debug;
		};
		C93236E625EBDB9F000EC201 /* Release */ = {
			isa = XCBuildConfiguration;
			baseConfigurationReference = 8A9B1D34EF74F9E5777DE3F0 /* Pods-Example.release.xcconfig */;
			buildSettings = {
				ASSETCATALOG_COMPILER_APPICON_NAME = AppIcon;
				ASSETCATALOG_COMPILER_GLOBAL_ACCENT_COLOR_NAME = AccentColor;
				CODE_SIGN_STYLE = Automatic;
				INFOPLIST_FILE = Example/Info.plist;
				LD_RUNPATH_SEARCH_PATHS = (
					"$(inherited)",
					"@executable_path/Frameworks",
				);
				PRODUCT_BUNDLE_IDENTIFIER = Home.Example;
				PRODUCT_NAME = "$(TARGET_NAME)";
				SWIFT_VERSION = 5.0;
				TARGETED_DEVICE_FAMILY = "1,2";
			};
			name = Release;
		};
/* End XCBuildConfiguration section */

/* Begin XCConfigurationList section */
		C93236CB25EBDB9B000EC201 /* Build configuration list for PBXProject "Example" */ = {
			isa = XCConfigurationList;
			buildConfigurations = (
				C93236E225EBDB9F000EC201 /* Debug */,
				C93236E325EBDB9F000EC201 /* Release */,
			);
			defaultConfigurationIsVisible = 0;
			defaultConfigurationName = Release;
		};
		C93236E425EBDB9F000EC201 /* Build configuration list for PBXNativeTarget "Example" */ = {
			isa = XCConfigurationList;
			buildConfigurations = (
				C93236E525EBDB9F000EC201 /* Debug */,
				C93236E625EBDB9F000EC201 /* Release */,
			);
			defaultConfigurationIsVisible = 0;
			defaultConfigurationName = Release;
		};
/* End XCConfigurationList section */
	};
	rootObject = C93236C825EBDB9B000EC201 /* Project object */;
}
